
Microsoft Visual Studio Solution File, Format Version 12.00
# Visual Studio Version 17
VisualStudioVersion = 17.11.35312.102
MinimumVisualStudioVersion = 10.0.40219.1
Project("{FAE04EC0-301F-11D3-BF4B-00C04F79EFBC}") = "Core", "Core\Core.csproj", "{1C06DB39-733D-4315-8960-F2CEE5B97459}"
EndProject
Project("{FAE04EC0-301F-11D3-BF4B-00C04F79EFBC}") = "Infrastructure", "Infrastructure\Infrastructure.csproj", "{320DBFBD-2ADD-4BE4-AD86-DF56ADAA3D1C}"
EndProject
Project("{FAE04EC0-301F-11D3-BF4B-00C04F79EFBC}") = "Application", "Application\Application.csproj", "{DBDC0735-928E-4707-81C2-E1F772D48C55}"
EndProject
Project("{FAE04EC0-301F-11D3-BF4B-00C04F79EFBC}") = "UnitTest", "UnitTest\UnitTest.csproj", "{C753AB89-74A6-4927-A357-FE40BD017715}"
EndProject
Project("{FAE04EC0-301F-11D3-BF4B-00C04F79EFBC}") = "API", "API\API.csproj", "{9F01D31A-ABE3-45F4-B89F-154CF4AF535F}"
EndProject
Global
	GlobalSection(SolutionConfigurationPlatforms) = preSolution
		Debug|Any CPU = Debug|Any CPU
		Release|Any CPU = Release|Any CPU
	EndGlobalSection
	GlobalSection(ProjectConfigurationPlatforms) = postSolution
		{1C06DB39-733D-4315-8960-F2CEE5B97459}.Debug|Any CPU.ActiveCfg = Debug|Any CPU
		{1C06DB39-733D-4315-8960-F2CEE5B97459}.Debug|Any CPU.Build.0 = Debug|Any CPU
		{1C06DB39-733D-4315-8960-F2CEE5B97459}.Release|Any CPU.ActiveCfg = Release|Any CPU
		{1C06DB39-733D-4315-8960-F2CEE5B97459}.Release|Any CPU.Build.0 = Release|Any CPU
		{320DBFBD-2ADD-4BE4-AD86-DF56ADAA3D1C}.Debug|Any CPU.ActiveCfg = Debug|Any CPU
		{320DBFBD-2ADD-4BE4-AD86-DF56ADAA3D1C}.Debug|Any CPU.Build.0 = Debug|Any CPU
		{320DBFBD-2ADD-4BE4-AD86-DF56ADAA3D1C}.Release|Any CPU.ActiveCfg = Release|Any CPU
		{320DBFBD-2ADD-4BE4-AD86-DF56ADAA3D1C}.Release|Any CPU.Build.0 = Release|Any CPU
		{DBDC0735-928E-4707-81C2-E1F772D48C55}.Debug|Any CPU.ActiveCfg = Debug|Any CPU
		{DBDC0735-928E-4707-81C2-E1F772D48C55}.Debug|Any CPU.Build.0 = Debug|Any CPU
		{DBDC0735-928E-4707-81C2-E1F772D48C55}.Release|Any CPU.ActiveCfg = Release|Any CPU
		{DBDC0735-928E-4707-81C2-E1F772D48C55}.Release|Any CPU.Build.0 = Release|Any CPU
		{C753AB89-74A6-4927-A357-FE40BD017715}.Debug|Any CPU.ActiveCfg = Debug|Any CPU
		{C753AB89-74A6-4927-A357-FE40BD017715}.Debug|Any CPU.Build.0 = Debug|Any CPU
		{C753AB89-74A6-4927-A357-FE40BD017715}.Release|Any CPU.ActiveCfg = Release|Any CPU
		{C753AB89-74A6-4927-A357-FE40BD017715}.Release|Any CPU.Build.0 = Release|Any CPU
		{9F01D31A-ABE3-45F4-B89F-154CF4AF535F}.Debug|Any CPU.ActiveCfg = Debug|Any CPU
		{9F01D31A-ABE3-45F4-B89F-154CF4AF535F}.Debug|Any CPU.Build.0 = Debug|Any CPU
		{9F01D31A-ABE3-45F4-B89F-154CF4AF535F}.Release|Any CPU.ActiveCfg = Release|Any CPU
		{9F01D31A-ABE3-45F4-B89F-154CF4AF535F}.Release|Any CPU.Build.0 = Release|Any CPU
	EndGlobalSection
	GlobalSection(SolutionProperties) = preSolution
		HideSolutionNode = FALSE
	EndGlobalSection
	GlobalSection(ExtensibilityGlobals) = postSolution
		SolutionGuid = {B802ED92-8CAE-45B5-BC30-0CAB5BD7E6BF}
	EndGlobalSection
EndGlobal
